{
  "name": "prisma-generator-helper",
  "lockfileVersion": 3,
  "requires": true,
  "packages": {
    "": {
      "dependencies": {
        "prisma": "^4.14.1"
      }
    },
    "node_modules/@prisma/engines": {
      "version": "4.14.1",
      "resolved": "https://registry.npmjs.org/@prisma/engines/-/engines-4.14.1.tgz",
      "integrity": "sha512-APqFddPVHYmWNKqc+5J5SqrLFfOghKOLZxobmguDUacxOwdEutLsbXPVhNnpFDmuQWQFbXmrTTPoRrrF6B1MWA==",
      "hasInstallScript": true
    },
    "node_modules/prisma": {
      "version": "4.14.1",
      "resolved": "https://registry.npmjs.org/prisma/-/prisma-4.14.1.tgz",
      "integrity": "sha512-z6hxzTMYqT9SIKlzD08dhzsLUpxjFKKsLpp5/kBDnSqiOjtUyyl/dC5tzxLcOa3jkEHQ8+RpB/fE3w8bgNP51g==",
      "hasInstallScript": true,
      "dependencies": {
        "@prisma/engines": "4.14.1"
      },
      "bin": {
        "prisma": "build/index.js",
        "prisma2": "build/index.js"
      },
      "engines": {
        "node": ">=14.17"
      }
    }
  }
}
