{
  "name": "prisma-generator-helper",
  "lockfileVersion": 3,
  "requires": true,
  "packages": {
    "": {
      "dependencies": {
        "prisma": "^5.1.1"
      }
    },
    "node_modules/@prisma/engines": {
      "version": "5.1.1",
      "resolved": "https://registry.npmjs.org/@prisma/engines/-/engines-5.1.1.tgz",
      "integrity": "sha512-NV/4nVNWFZSJCCIA3HIFJbbDKO/NARc9ej0tX5S9k2EVbkrFJC4Xt9b0u4rNZWL4V+F5LAjvta8vzEUw0rw+HA==",
      "hasInstallScript": true
    },
    "node_modules/prisma": {
      "version": "5.1.1",
      "resolved": "https://registry.npmjs.org/prisma/-/prisma-5.1.1.tgz",
      "integrity": "sha512-WJFG/U7sMmcc6TjJTTifTfpI6Wjoh55xl4AzopVwAdyK68L9/ogNo8QQ2cxuUjJf/Wa82z/uhyh3wMzvRIBphg==",
      "hasInstallScript": true,
      "dependencies": {
        "@prisma/engines": "5.1.1"
      },
      "bin": {
        "prisma": "build/index.js"
      },
      "engines": {
        "node": ">=16.13"
      }
    }
  }
}
