{
  "name": "prisma-generator-helper",
  "lockfileVersion": 3,
  "requires": true,
  "packages": {
    "": {
      "dependencies": {
        "prisma": "^4.16.1"
      }
    },
    "node_modules/@prisma/engines": {
      "version": "4.16.1",
      "resolved": "https://registry.npmjs.org/@prisma/engines/-/engines-4.16.1.tgz",
      "integrity": "sha512-gpZG0kGGxfemgvK/LghHdBIz+crHkZjzszja94xp4oytpsXrgt/Ice82MvPsWMleVIniKuARrowtsIsim0PFJQ==",
      "hasInstallScript": true
    },
    "node_modules/prisma": {
      "version": "4.16.1",
      "resolved": "https://registry.npmjs.org/prisma/-/prisma-4.16.1.tgz",
      "integrity": "sha512-C2Xm7yxHxjFjjscBEW4tmoraPHH/Vyu/A0XABdbaFtoiOZARsxvOM7rwc2iZ0qVxbh0bGBGBWZUSXO/52/nHBQ==",
      "hasInstallScript": true,
      "dependencies": {
        "@prisma/engines": "4.16.1"
      },
      "bin": {
        "prisma": "build/index.js",
        "prisma2": "build/index.js"
      },
      "engines": {
        "node": ">=14.17"
      }
    }
  }
}
